
Microsoft Visual Studio Solution File, Format Version 12.00
# Visual Studio Version 16
VisualStudioVersion = 16.0.30128.74
MinimumVisualStudioVersion = 10.0.40219.1
Project("{2150E333-8FDC-42A3-9474-1A3956D46DE8}") = "3.Dominio", "3.Dominio", "{1B4681F0-0657-431D-A14A-884B2CE3F93B}"
EndProject
Project("{2150E333-8FDC-42A3-9474-1A3956D46DE8}") = "4.Persistencia", "4.Persistencia", "{D27970DD-8AAA-48A1-AA25-12FF2286F9BE}"
EndProject
Project("{2150E333-8FDC-42A3-9474-1A3956D46DE8}") = "Capas", "Capas", "{FE4D61AD-A575-461A-858E-AA20E34BCA09}"
EndProject
Project("{2150E333-8FDC-42A3-9474-1A3956D46DE8}") = "2.Aplicacion", "2.Aplicacion", "{206B8C79-93A7-4547-A8D9-AB04ED6A3080}"
EndProject
Project("{2150E333-8FDC-42A3-9474-1A3956D46DE8}") = "1.Presentacion", "1.Presentacion", "{D67E069D-E28A-4F0B-9E67-602DD555277D}"
EndProject
Project("{2150E333-8FDC-42A3-9474-1A3956D46DE8}") = "Web", "Web", "{64C02DEA-129C-4FFE-8C53-382133B83C29}"
EndProject
Project("{2150E333-8FDC-42A3-9474-1A3956D46DE8}") = "WinForms", "WinForms", "{D7A2F5F5-8AF3-45A0-8F1A-24B15D97BFB3}"
EndProject
Project("{FAE04EC0-301F-11D3-BF4B-00C04F79EFBC}") = "CapaPresentacion", "CapaPresentacion\CapaPresentacion.csproj", "{D8CB497D-1B26-4938-9E86-67784A6B6B3D}"
EndProject
Project("{FAE04EC0-301F-11D3-BF4B-00C04F79EFBC}") = "CapaPersistencia", "CapaPersistencia\CapaPersistencia.csproj", "{DB7B06B4-081C-4DBE-AD24-2A5249A05F65}"
EndProject
Project("{FAE04EC0-301F-11D3-BF4B-00C04F79EFBC}") = "CapaDominio", "CapaDominio\CapaDominio.csproj", "{0F880959-5C68-4D9E-8A2F-5F51CF813745}"
EndProject
Project("{FAE04EC0-301F-11D3-BF4B-00C04F79EFBC}") = "CapaAplicacion", "CapaAplicacion\CapaAplicacion.csproj", "{5565CC83-C91C-40AD-AFE6-AE659F152429}"
EndProject
Global
	GlobalSection(SolutionConfigurationPlatforms) = preSolution
		Debug|Any CPU = Debug|Any CPU
		Release|Any CPU = Release|Any CPU
	EndGlobalSection
	GlobalSection(ProjectConfigurationPlatforms) = postSolution
		{D8CB497D-1B26-4938-9E86-67784A6B6B3D}.Debug|Any CPU.ActiveCfg = Debug|Any CPU
		{D8CB497D-1B26-4938-9E86-67784A6B6B3D}.Debug|Any CPU.Build.0 = Debug|Any CPU
		{D8CB497D-1B26-4938-9E86-67784A6B6B3D}.Release|Any CPU.ActiveCfg = Release|Any CPU
		{D8CB497D-1B26-4938-9E86-67784A6B6B3D}.Release|Any CPU.Build.0 = Release|Any CPU
		{DB7B06B4-081C-4DBE-AD24-2A5249A05F65}.Debug|Any CPU.ActiveCfg = Debug|Any CPU
		{DB7B06B4-081C-4DBE-AD24-2A5249A05F65}.Debug|Any CPU.Build.0 = Debug|Any CPU
		{DB7B06B4-081C-4DBE-AD24-2A5249A05F65}.Release|Any CPU.ActiveCfg = Release|Any CPU
		{DB7B06B4-081C-4DBE-AD24-2A5249A05F65}.Release|Any CPU.Build.0 = Release|Any CPU
		{0F880959-5C68-4D9E-8A2F-5F51CF813745}.Debug|Any CPU.ActiveCfg = Debug|Any CPU
		{0F880959-5C68-4D9E-8A2F-5F51CF813745}.Debug|Any CPU.Build.0 = Debug|Any CPU
		{0F880959-5C68-4D9E-8A2F-5F51CF813745}.Release|Any CPU.ActiveCfg = Release|Any CPU
		{0F880959-5C68-4D9E-8A2F-5F51CF813745}.Release|Any CPU.Build.0 = Release|Any CPU
		{5565CC83-C91C-40AD-AFE6-AE659F152429}.Debug|Any CPU.ActiveCfg = Debug|Any CPU
		{5565CC83-C91C-40AD-AFE6-AE659F152429}.Debug|Any CPU.Build.0 = Debug|Any CPU
		{5565CC83-C91C-40AD-AFE6-AE659F152429}.Release|Any CPU.ActiveCfg = Release|Any CPU
		{5565CC83-C91C-40AD-AFE6-AE659F152429}.Release|Any CPU.Build.0 = Release|Any CPU
	EndGlobalSection
	GlobalSection(SolutionProperties) = preSolution
		HideSolutionNode = FALSE
	EndGlobalSection
	GlobalSection(NestedProjects) = preSolution
		{1B4681F0-0657-431D-A14A-884B2CE3F93B} = {FE4D61AD-A575-461A-858E-AA20E34BCA09}
		{D27970DD-8AAA-48A1-AA25-12FF2286F9BE} = {FE4D61AD-A575-461A-858E-AA20E34BCA09}
		{206B8C79-93A7-4547-A8D9-AB04ED6A3080} = {FE4D61AD-A575-461A-858E-AA20E34BCA09}
		{D67E069D-E28A-4F0B-9E67-602DD555277D} = {FE4D61AD-A575-461A-858E-AA20E34BCA09}
		{64C02DEA-129C-4FFE-8C53-382133B83C29} = {D67E069D-E28A-4F0B-9E67-602DD555277D}
		{D7A2F5F5-8AF3-45A0-8F1A-24B15D97BFB3} = {D67E069D-E28A-4F0B-9E67-602DD555277D}
		{D8CB497D-1B26-4938-9E86-67784A6B6B3D} = {D7A2F5F5-8AF3-45A0-8F1A-24B15D97BFB3}
		{DB7B06B4-081C-4DBE-AD24-2A5249A05F65} = {D27970DD-8AAA-48A1-AA25-12FF2286F9BE}
		{0F880959-5C68-4D9E-8A2F-5F51CF813745} = {1B4681F0-0657-431D-A14A-884B2CE3F93B}
		{5565CC83-C91C-40AD-AFE6-AE659F152429} = {206B8C79-93A7-4547-A8D9-AB04ED6A3080}
	EndGlobalSection
	GlobalSection(ExtensibilityGlobals) = postSolution
		SolutionGuid = {69D19A16-AC9C-407A-B5E6-DA2F59610BB8}
	EndGlobalSection
EndGlobal
